// !$*UTF8*$!
{
	archiveVersion = 1;
	classes = {
	};
	objectVersion = 46;
	objects = {

/* Begin PBXBuildFile section */
		D30DDD9B1A4F90C300448BB9 /* Player.m in Sources */ = {isa = PBXBuildFile; fileRef = D30DDD901A4F90C300448BB9 /* Player.m */; };
		D30DDD9C1A4F90C300448BB9 /* PlayerMapper.m in Sources */ = {isa = PBXBuildFile; fileRef = D30DDD921A4F90C300448BB9 /* PlayerMapper.m */; };
		D30DDD9D1A4F90C300448BB9 /* PlayerRepository.m in Sources */ = {isa = PBXBuildFile; fileRef = D30DDD941A4F90C300448BB9 /* PlayerRepository.m */; };
		D30DDD9E1A4F90C300448BB9 /* Team.m in Sources */ = {isa = PBXBuildFile; fileRef = D30DDD961A4F90C300448BB9 /* Team.m */; };
		D30DDD9F1A4F90C300448BB9 /* TeamMapper.m in Sources */ = {isa = PBXBuildFile; fileRef = D30DDD981A4F90C300448BB9 /* TeamMapper.m */; };
		D30DDDA01A4F90C300448BB9 /* TeamRepository.m in Sources */ = {isa = PBXBuildFile; fileRef = D30DDD9A1A4F90C300448BB9 /* TeamRepository.m */; };
		D366C1E31A5389CE00D69669 /* MISKeyGenerator.h in Headers */ = {isa = PBXBuildFile; fileRef = D366C1E11A5389CE00D69669 /* MISKeyGenerator.h */; };
		D366C1E41A5389CE00D69669 /* MISKeyGenerator.m in Sources */ = {isa = PBXBuildFile; fileRef = D366C1E21A5389CE00D69669 /* MISKeyGenerator.m */; };
		D366C1EB1A544BD500D69669 /* OCMock.framework in Frameworks */ = {isa = PBXBuildFile; fileRef = D366C1EA1A544BD500D69669 /* OCMock.framework */; };
		D366C1EE1A544CAB00D69669 /* OCMock.framework in CopyFiles */ = {isa = PBXBuildFile; fileRef = D366C1EA1A544BD500D69669 /* OCMock.framework */; };
		D366C1F01A544D4900D69669 /* MISBaseTest.m in Sources */ = {isa = PBXBuildFile; fileRef = D366C1EF1A544D4900D69669 /* MISBaseTest.m */; };
		D366C1F21A544D8300D69669 /* MISBaseTest.m in Sources */ = {isa = PBXBuildFile; fileRef = D366C1EF1A544D4900D69669 /* MISBaseTest.m */; };
		D366C1F41A544F4100D69669 /* OCMock.framework in Frameworks */ = {isa = PBXBuildFile; fileRef = D366C1EA1A544BD500D69669 /* OCMock.framework */; };
		D366C1F61A544F5900D69669 /* OCMock.framework in CopyFiles */ = {isa = PBXBuildFile; fileRef = D366C1EA1A544BD500D69669 /* OCMock.framework */; };
		D3E3D6891A4C6C88004103BD /* MISUnitOfWork.h in Headers */ = {isa = PBXBuildFile; fileRef = D3E3D6871A4C6C88004103BD /* MISUnitOfWork.h */; };
		D3E3D68A1A4C6C88004103BD /* MISUnitOfWork.m in Sources */ = {isa = PBXBuildFile; fileRef = D3E3D6881A4C6C88004103BD /* MISUnitOfWork.m */; };
		D3E3D68D1A4C6CA4004103BD /* MISMapper.h in Headers */ = {isa = PBXBuildFile; fileRef = D3E3D68B1A4C6CA4004103BD /* MISMapper.h */; settings = {ATTRIBUTES = (Public, ); }; };
		D3E3D68E1A4C6CA4004103BD /* MISMapper.m in Sources */ = {isa = PBXBuildFile; fileRef = D3E3D68C1A4C6CA4004103BD /* MISMapper.m */; };
		D3E3D6911A4C6CC9004103BD /* DomainObject.h in Headers */ = {isa = PBXBuildFile; fileRef = D3E3D68F1A4C6CC9004103BD /* DomainObject.h */; };
		D3E3D6921A4C6CC9004103BD /* DomainObject.m in Sources */ = {isa = PBXBuildFile; fileRef = D3E3D6901A4C6CC9004103BD /* DomainObject.m */; };
		D3E3D6961A4C6EF1004103BD /* MISQuery.h in Headers */ = {isa = PBXBuildFile; fileRef = D3E3D6941A4C6EF1004103BD /* MISQuery.h */; };
		D3E3D6971A4C6EF1004103BD /* MISQuery.m in Sources */ = {isa = PBXBuildFile; fileRef = D3E3D6951A4C6EF1004103BD /* MISQuery.m */; };
		D3E3D69A1A4C6EFE004103BD /* MISCriteria.h in Headers */ = {isa = PBXBuildFile; fileRef = D3E3D6981A4C6EFE004103BD /* MISCriteria.h */; };
		D3E3D69B1A4C6EFE004103BD /* MISCriteria.m in Sources */ = {isa = PBXBuildFile; fileRef = D3E3D6991A4C6EFE004103BD /* MISCriteria.m */; };
		D3F0F49C1A4CEFE1000F6F62 /* QueryParesrTestCase.m in Sources */ = {isa = PBXBuildFile; fileRef = D3F0F49B1A4CEFE1000F6F62 /* QueryParesrTestCase.m */; };
		D3F0F49F1A4CF045000F6F62 /* Repository.h in Headers */ = {isa = PBXBuildFile; fileRef = D3F0F49D1A4CF045000F6F62 /* Repository.h */; };
		D3F0F4A01A4CF045000F6F62 /* Repository.m in Sources */ = {isa = PBXBuildFile; fileRef = D3F0F49E1A4CF045000F6F62 /* Repository.m */; };
		D3F0F4A51A4CF699000F6F62 /* MISQueryParser.h in Headers */ = {isa = PBXBuildFile; fileRef = D3F0F4A31A4CF699000F6F62 /* MISQueryParser.h */; };
		D3F0F4A61A4CF699000F6F62 /* MISQueryParser.m in Sources */ = {isa = PBXBuildFile; fileRef = D3F0F4A41A4CF699000F6F62 /* MISQueryParser.m */; };
		D3F0F4C31A4CF751000F6F62 /* PEGKit.framework in Frameworks */ = {isa = PBXBuildFile; fileRef = D3F0F4B21A4CF721000F6F62 /* PEGKit.framework */; };
		D3F0F4C71A4CF794000F6F62 /* MISQueryAssembler.h in Headers */ = {isa = PBXBuildFile; fileRef = D3F0F4C51A4CF794000F6F62 /* MISQueryAssembler.h */; };
		D3F0F4C81A4CF794000F6F62 /* MISQueryAssembler.m in Sources */ = {isa = PBXBuildFile; fileRef = D3F0F4C61A4CF794000F6F62 /* MISQueryAssembler.m */; };
		D3F0F4D31A4D9E97000F6F62 /* FMDatabase.h in Headers */ = {isa = PBXBuildFile; fileRef = D3F0F4CF1A4D9E97000F6F62 /* FMDatabase.h */; settings = {ATTRIBUTES = (Public, ); }; };
		D3F0F4D51A4D9E97000F6F62 /* FMResultSet.h in Headers */ = {isa = PBXBuildFile; fileRef = D3F0F4D11A4D9E97000F6F62 /* FMResultSet.h */; settings = {ATTRIBUTES = (Public, ); }; };
		D3F0F4D81A4D9EAF000F6F62 /* libsqlite3.dylib in Frameworks */ = {isa = PBXBuildFile; fileRef = D3F0F4D71A4D9EAF000F6F62 /* libsqlite3.dylib */; };
		D3F0F4E41A4DC165000F6F62 /* AppDelegate.m in Sources */ = {isa = PBXBuildFile; fileRef = D3F0F4E31A4DC165000F6F62 /* AppDelegate.m */; };
		D3F0F4E61A4DC165000F6F62 /* main.m in Sources */ = {isa = PBXBuildFile; fileRef = D3F0F4E51A4DC165000F6F62 /* main.m */; };
		D3F0F4E91A4DC165000F6F62 /* Document.m in Sources */ = {isa = PBXBuildFile; fileRef = D3F0F4E81A4DC165000F6F62 /* Document.m */; };
		D3F0F4EC1A4DC165000F6F62 /* Document.xib in Resources */ = {isa = PBXBuildFile; fileRef = D3F0F4EA1A4DC165000F6F62 /* Document.xib */; };
		D3F0F4EE1A4DC165000F6F62 /* Images.xcassets in Resources */ = {isa = PBXBuildFile; fileRef = D3F0F4ED1A4DC165000F6F62 /* Images.xcassets */; };
		D3F0F4F11A4DC165000F6F62 /* MainMenu.xib in Resources */ = {isa = PBXBuildFile; fileRef = D3F0F4EF1A4DC165000F6F62 /* MainMenu.xib */; };
		D3F0F4FD1A4DC165000F6F62 /* MISGeneratorTests.m in Sources */ = {isa = PBXBuildFile; fileRef = D3F0F4FC1A4DC165000F6F62 /* MISGeneratorTests.m */; };
		D3F0F5061A4DC1E6000F6F62 /* MISGenerator.m in Sources */ = {isa = PBXBuildFile; fileRef = D3F0F5051A4DC1E6000F6F62 /* MISGenerator.m */; };
		D3F0F50D1A4DC349000F6F62 /* SourceFilesTableView.m in Sources */ = {isa = PBXBuildFile; fileRef = D3F0F50C1A4DC349000F6F62 /* SourceFilesTableView.m */; };
		D3F0F5101A4DC362000F6F62 /* FilePreviewItem.m in Sources */ = {isa = PBXBuildFile; fileRef = D3F0F50F1A4DC362000F6F62 /* FilePreviewItem.m */; };
		D3F0F51C1A4DC3E5000F6F62 /* TDUtils.m in Sources */ = {isa = PBXBuildFile; fileRef = D3F0F51B1A4DC3E5000F6F62 /* TDUtils.m */; };
		D3F0F5231A4DC3EB000F6F62 /* TDColorView.m in Sources */ = {isa = PBXBuildFile; fileRef = D3F0F51E1A4DC3EB000F6F62 /* TDColorView.m */; };
		D3F0F5241A4DC3EB000F6F62 /* TDDropTargetView.m in Sources */ = {isa = PBXBuildFile; fileRef = D3F0F5201A4DC3EB000F6F62 /* TDDropTargetView.m */; };
		D3F0F5251A4DC3EB000F6F62 /* TDView.m in Sources */ = {isa = PBXBuildFile; fileRef = D3F0F5221A4DC3EB000F6F62 /* TDView.m */; };
		D3F0F5281A4DC491000F6F62 /* TDHintButton.m in Sources */ = {isa = PBXBuildFile; fileRef = D3F0F5271A4DC491000F6F62 /* TDHintButton.m */; };
		D3F0F5371A4DC5F6000F6F62 /* MakeItSo.framework in Frameworks */ = {isa = PBXBuildFile; fileRef = D3F4B02D1A4C6ADE001ACB0E /* MakeItSo.framework */; };
		D3F0F5381A4DC5F6000F6F62 /* PEGKit.framework in Frameworks */ = {isa = PBXBuildFile; fileRef = D3F0F4B21A4CF721000F6F62 /* PEGKit.framework */; };
		D3F0F5391A4DC5F6000F6F62 /* TDTemplateEngine.framework in Frameworks */ = {isa = PBXBuildFile; fileRef = D3F0F5301A4DC5E4000F6F62 /* TDTemplateEngine.framework */; };
		D3F0F53B1A4DC611000F6F62 /* TDTemplateEngine.framework in Copy Frameworks */ = {isa = PBXBuildFile; fileRef = D3F0F5301A4DC5E4000F6F62 /* TDTemplateEngine.framework */; settings = {ATTRIBUTES = (CodeSignOnCopy, RemoveHeadersOnCopy, ); }; };
		D3F0F53C1A4DC611000F6F62 /* PEGKit.framework in Copy Frameworks */ = {isa = PBXBuildFile; fileRef = D3F0F4B21A4CF721000F6F62 /* PEGKit.framework */; settings = {ATTRIBUTES = (CodeSignOnCopy, RemoveHeadersOnCopy, ); }; };
		D3F0F53D1A4DC612000F6F62 /* MakeItSo.framework in Copy Frameworks */ = {isa = PBXBuildFile; fileRef = D3F4B02D1A4C6ADE001ACB0E /* MakeItSo.framework */; settings = {ATTRIBUTES = (CodeSignOnCopy, RemoveHeadersOnCopy, ); }; };
		D3F0F5451A4DC68E000F6F62 /* ObjCAssembler.m in Sources */ = {isa = PBXBuildFile; fileRef = D3F0F5411A4DC68D000F6F62 /* ObjCAssembler.m */; };
		D3F0F5461A4DC68E000F6F62 /* ObjCParser.m in Sources */ = {isa = PBXBuildFile; fileRef = D3F0F5431A4DC68E000F6F62 /* ObjCParser.m */; };
		D3F0F54B1A4DC6AE000F6F62 /* MISField.m in Sources */ = {isa = PBXBuildFile; fileRef = D3F0F5481A4DC6AE000F6F62 /* MISField.m */; };
		D3F0F54C1A4DC6AE000F6F62 /* MISClass.m in Sources */ = {isa = PBXBuildFile; fileRef = D3F0F54A1A4DC6AE000F6F62 /* MISClass.m */; };
		D3F0F5551A4F0847000F6F62 /* MapperTemplate.h.txt in Resources */ = {isa = PBXBuildFile; fileRef = D3F0F5511A4F0847000F6F62 /* MapperTemplate.h.txt */; };
		D3F0F5561A4F0847000F6F62 /* MapperTemplate.m.txt in Resources */ = {isa = PBXBuildFile; fileRef = D3F0F5521A4F0847000F6F62 /* MapperTemplate.m.txt */; };
		D3F0F5571A4F0847000F6F62 /* RepositoryTemplate.h.txt in Resources */ = {isa = PBXBuildFile; fileRef = D3F0F5531A4F0847000F6F62 /* RepositoryTemplate.h.txt */; };
		D3F0F5581A4F0847000F6F62 /* RepositoryTemplate.m.txt in Resources */ = {isa = PBXBuildFile; fileRef = D3F0F5541A4F0847000F6F62 /* RepositoryTemplate.m.txt */; };
		D3F0F55A1A4F1993000F6F62 /* sql.txt in Resources */ = {isa = PBXBuildFile; fileRef = D3F0F5591A4F1993000F6F62 /* sql.txt */; };
		D3F0F55D1A4F2FF8000F6F62 /* FMDatabase.m in Sources */ = {isa = PBXBuildFile; fileRef = D3F0F4D01A4D9E97000F6F62 /* FMDatabase.m */; };
		D3F0F55E1A4F2FF8000F6F62 /* FMResultSet.m in Sources */ = {isa = PBXBuildFile; fileRef = D3F0F4D21A4D9E97000F6F62 /* FMResultSet.m */; };
		D3F0F55F1A4F3012000F6F62 /* libsqlite3.dylib in Frameworks */ = {isa = PBXBuildFile; fileRef = D3F0F4D71A4D9EAF000F6F62 /* libsqlite3.dylib */; };
		D3F0F5651A4F354C000F6F62 /* MISGenerator-DefaultValues.plist in Resources */ = {isa = PBXBuildFile; fileRef = D3F0F5641A4F354C000F6F62 /* MISGenerator-DefaultValues.plist */; };
		D3F0F5691A4F35DE000F6F62 /* PreferencesWindowController.m in Sources */ = {isa = PBXBuildFile; fileRef = D3F0F5671A4F35DE000F6F62 /* PreferencesWindowController.m */; };
		D3F0F56A1A4F35DE000F6F62 /* PreferencesWindowController.xib in Resources */ = {isa = PBXBuildFile; fileRef = D3F0F5681A4F35DE000F6F62 /* PreferencesWindowController.xib */; };
		D3F0F5721A4F5728000F6F62 /* MakeItSo.framework in Frameworks */ = {isa = PBXBuildFile; fileRef = D3F4B02D1A4C6ADE001ACB0E /* MakeItSo.framework */; };
		D3F0F5731A4F5728000F6F62 /* PEGKit.framework in Frameworks */ = {isa = PBXBuildFile; fileRef = D3F0F4B21A4CF721000F6F62 /* PEGKit.framework */; };
		D3F0F5781A4F5778000F6F62 /* libsqlite3.dylib in Frameworks */ = {isa = PBXBuildFile; fileRef = D3F0F4D71A4D9EAF000F6F62 /* libsqlite3.dylib */; };
		D3F4B0331A4C6ADE001ACB0E /* MakeItSo.h in Headers */ = {isa = PBXBuildFile; fileRef = D3F4B0321A4C6ADE001ACB0E /* MakeItSo.h */; settings = {ATTRIBUTES = (Public, ); }; };
		D3F4B0391A4C6ADE001ACB0E /* MakeItSo.framework in Frameworks */ = {isa = PBXBuildFile; fileRef = D3F4B02D1A4C6ADE001ACB0E /* MakeItSo.framework */; };
		D3F4B0401A4C6ADE001ACB0E /* MISTestCase.m in Sources */ = {isa = PBXBuildFile; fileRef = D3F4B03F1A4C6ADE001ACB0E /* MISTestCase.m */; };
/* End PBXBuildFile section */

/* Begin PBXContainerItemProxy section */
		D3F0F4B11A4CF721000F6F62 /* PBXContainerItemProxy */ = {
			isa = PBXContainerItemProxy;
			containerPortal = D3F0F4A91A4CF721000F6F62 /* PEGKit.xcodeproj */;
			proxyType = 2;
			remoteGlobalIDString = D3F8A48D175817DF00056188;
			remoteInfo = PEGKit;
		};
		D3F0F4B31A4CF721000F6F62 /* PBXContainerItemProxy */ = {
			isa = PBXContainerItemProxy;
			containerPortal = D3F0F4A91A4CF721000F6F62 /* PEGKit.xcodeproj */;
			proxyType = 2;
			remoteGlobalIDString = D366C55418D1F29D00AF3EFB;
			remoteInfo = libPEGKitOSX;
		};
		D3F0F4B51A4CF721000F6F62 /* PBXContainerItemProxy */ = {
			isa = PBXContainerItemProxy;
			containerPortal = D3F0F4A91A4CF721000F6F62 /* PEGKit.xcodeproj */;
			proxyType = 2;
			remoteGlobalIDString = D317C12B18D1F5EB0036BE75;
			remoteInfo = libPEGKitIOS;
		};
		D3F0F4B71A4CF721000F6F62 /* PBXContainerItemProxy */ = {
			isa = PBXContainerItemProxy;
			containerPortal = D3F0F4A91A4CF721000F6F62 /* PEGKit.xcodeproj */;
			proxyType = 2;
			remoteGlobalIDString = D37D8DC61571A4F700CDB822;
			remoteInfo = PEGKitTests;
		};
		D3F0F4B91A4CF721000F6F62 /* PBXContainerItemProxy */ = {
			isa = PBXContainerItemProxy;
			containerPortal = D3F0F4A91A4CF721000F6F62 /* PEGKit.xcodeproj */;
			proxyType = 2;
			remoteGlobalIDString = D338302F171C923700CCE513;
			remoteInfo = ParserGenApp;
		};
		D3F0F4C11A4CF74C000F6F62 /* PBXContainerItemProxy */ = {
			isa = PBXContainerItemProxy;
			containerPortal = D3F0F4A91A4CF721000F6F62 /* PEGKit.xcodeproj */;
			proxyType = 1;
			remoteGlobalIDString = D3F8A3DA175817DF00056188;
			remoteInfo = PEGKit;
		};
		D3F0F4F71A4DC165000F6F62 /* PBXContainerItemProxy */ = {
			isa = PBXContainerItemProxy;
			containerPortal = D3F4B0241A4C6ADD001ACB0E /* Project object */;
			proxyType = 1;
			remoteGlobalIDString = D3F0F4DD1A4DC165000F6F62;
			remoteInfo = MISGenerator;
		};
		D3F0F52F1A4DC5E4000F6F62 /* PBXContainerItemProxy */ = {
			isa = PBXContainerItemProxy;
			containerPortal = D3F0F52A1A4DC5E4000F6F62 /* TDTemplateEngine.xcodeproj */;
			proxyType = 2;
			remoteGlobalIDString = D367DFB018E5EF6900F97BCC;
			remoteInfo = TDTemplateEngine;
		};
		D3F0F5311A4DC5E4000F6F62 /* PBXContainerItemProxy */ = {
			isa = PBXContainerItemProxy;
			containerPortal = D3F0F52A1A4DC5E4000F6F62 /* TDTemplateEngine.xcodeproj */;
			proxyType = 2;
			remoteGlobalIDString = D367DFC718E5EF6900F97BCC;
			remoteInfo = TDTemplateEngineTests;
		};
		D3F0F5331A4DC5EE000F6F62 /* PBXContainerItemProxy */ = {
			isa = PBXContainerItemProxy;
			containerPortal = D3F0F52A1A4DC5E4000F6F62 /* TDTemplateEngine.xcodeproj */;
			proxyType = 1;
			remoteGlobalIDString = D367DFAF18E5EF6900F97BCC;
			remoteInfo = TDTemplateEngine;
		};
		D3F0F5351A4DC5EE000F6F62 /* PBXContainerItemProxy */ = {
			isa = PBXContainerItemProxy;
			containerPortal = D3F0F4A91A4CF721000F6F62 /* PEGKit.xcodeproj */;
			proxyType = 1;
			remoteGlobalIDString = D3F8A3DA175817DF00056188;
			remoteInfo = PEGKit;
		};
		D3F0F5741A4F5734000F6F62 /* PBXContainerItemProxy */ = {
			isa = PBXContainerItemProxy;
			containerPortal = D3F4B0241A4C6ADD001ACB0E /* Project object */;
			proxyType = 1;
			remoteGlobalIDString = D3F4B02C1A4C6ADE001ACB0E;
			remoteInfo = MakeItSo;
		};
		D3F0F5761A4F5734000F6F62 /* PBXContainerItemProxy */ = {
			isa = PBXContainerItemProxy;
			containerPortal = D3F0F4A91A4CF721000F6F62 /* PEGKit.xcodeproj */;
			proxyType = 1;
			remoteGlobalIDString = D3F8A3DA175817DF00056188;
			remoteInfo = PEGKit;
		};
		D3F4B03A1A4C6ADE001ACB0E /* PBXContainerItemProxy */ = {
			isa = PBXContainerItemProxy;
			containerPortal = D3F4B0241A4C6ADD001ACB0E /* Project object */;
			proxyType = 1;
			remoteGlobalIDString = D3F4B02C1A4C6ADE001ACB0E;
			remoteInfo = MakeItSo;
		};
/* End PBXContainerItemProxy section */

/* Begin PBXCopyFilesBuildPhase section */
		D366C1ED1A544C9700D69669 /* CopyFiles */ = {
			isa = PBXCopyFilesBuildPhase;
			buildActionMask = 2147483647;
			dstPath = "";
			dstSubfolderSpec = 16;
			files = (
				D366C1EE1A544CAB00D69669 /* OCMock.framework in CopyFiles */,
			);
			runOnlyForDeploymentPostprocessing = 0;
		};
		D366C1F51A544F4E00D69669 /* CopyFiles */ = {
			isa = PBXCopyFilesBuildPhase;
			buildActionMask = 2147483647;
			dstPath = "";
			dstSubfolderSpec = 16;
			files = (
				D366C1F61A544F5900D69669 /* OCMock.framework in CopyFiles */,
			);
			runOnlyForDeploymentPostprocessing = 0;
		};
		D3F0F53A1A4DC5FE000F6F62 /* Copy Frameworks */ = {
			isa = PBXCopyFilesBuildPhase;
			buildActionMask = 2147483647;
			dstPath = "";
			dstSubfolderSpec = 10;
			files = (
				D3F0F53B1A4DC611000F6F62 /* TDTemplateEngine.framework in Copy Frameworks */,
				D3F0F53C1A4DC611000F6F62 /* PEGKit.framework in Copy Frameworks */,
				D3F0F53D1A4DC612000F6F62 /* MakeItSo.framework in Copy Frameworks */,
			);
			name = "Copy Frameworks";
			runOnlyForDeploymentPostprocessing = 0;
		};
/* End PBXCopyFilesBuildPhase section */

/* Begin PBXFileReference section */
		D30DDD8F1A4F90C300448BB9 /* Player.h */ = {isa = PBXFileReference; fileEncoding = 4; lastKnownFileType = sourcecode.c.h; path = Player.h; sourceTree = "<group>"; };
		D30DDD901A4F90C300448BB9 /* Player.m */ = {isa = PBXFileReference; fileEncoding = 4; lastKnownFileType = sourcecode.c.objc; path = Player.m; sourceTree = "<group>"; };
		D30DDD911A4F90C300448BB9 /* PlayerMapper.h */ = {isa = PBXFileReference; fileEncoding = 4; lastKnownFileType = sourcecode.c.h; path = PlayerMapper.h; sourceTree = "<group>"; };
		D30DDD921A4F90C300448BB9 /* PlayerMapper.m */ = {isa = PBXFileReference; fileEncoding = 4; lastKnownFileType = sourcecode.c.objc; path = PlayerMapper.m; sourceTree = "<group>"; };
		D30DDD931A4F90C300448BB9 /* PlayerRepository.h */ = {isa = PBXFileReference; fileEncoding = 4; lastKnownFileType = sourcecode.c.h; path = PlayerRepository.h; sourceTree = "<group>"; };
		D30DDD941A4F90C300448BB9 /* PlayerRepository.m */ = {isa = PBXFileReference; fileEncoding = 4; lastKnownFileType = sourcecode.c.objc; path = PlayerRepository.m; sourceTree = "<group>"; };
		D30DDD951A4F90C300448BB9 /* Team.h */ = {isa = PBXFileReference; fileEncoding = 4; lastKnownFileType = sourcecode.c.h; path = Team.h; sourceTree = "<group>"; };
		D30DDD961A4F90C300448BB9 /* Team.m */ = {isa = PBXFileReference; fileEncoding = 4; lastKnownFileType = sourcecode.c.objc; path = Team.m; sourceTree = "<group>"; };
		D30DDD971A4F90C300448BB9 /* TeamMapper.h */ = {isa = PBXFileReference; fileEncoding = 4; lastKnownFileType = sourcecode.c.h; path = TeamMapper.h; sourceTree = "<group>"; };
		D30DDD981A4F90C300448BB9 /* TeamMapper.m */ = {isa = PBXFileReference; fileEncoding = 4; lastKnownFileType = sourcecode.c.objc; path = TeamMapper.m; sourceTree = "<group>"; };
		D30DDD991A4F90C300448BB9 /* TeamRepository.h */ = {isa = PBXFileReference; fileEncoding = 4; lastKnownFileType = sourcecode.c.h; path = TeamRepository.h; sourceTree = "<group>"; };
		D30DDD9A1A4F90C300448BB9 /* TeamRepository.m */ = {isa = PBXFileReference; fileEncoding = 4; lastKnownFileType = sourcecode.c.objc; path = TeamRepository.m; sourceTree = "<group>"; };
		D366C1E11A5389CE00D69669 /* MISKeyGenerator.h */ = {isa = PBXFileReference; fileEncoding = 4; lastKnownFileType = sourcecode.c.h; path = MISKeyGenerator.h; sourceTree = "<group>"; };
		D366C1E21A5389CE00D69669 /* MISKeyGenerator.m */ = {isa = PBXFileReference; fileEncoding = 4; lastKnownFileType = sourcecode.c.objc; path = MISKeyGenerator.m; sourceTree = "<group>"; };
		D366C1EA1A544BD500D69669 /* OCMock.framework */ = {isa = PBXFileReference; lastKnownFileType = wrapper.framework; name = OCMock.framework; path = lib/OCMock/OSX/OCMock.framework; sourceTree = "<group>"; };
		D366C1EF1A544D4900D69669 /* MISBaseTest.m */ = {isa = PBXFileReference; fileEncoding = 4; lastKnownFileType = sourcecode.c.objc; path = MISBaseTest.m; sourceTree = "<group>"; };
		D366C1F11A544D7C00D69669 /* MISBaseTest.h */ = {isa = PBXFileReference; fileEncoding = 4; lastKnownFileType = sourcecode.c.h; path = MISBaseTest.h; sourceTree = "<group>"; };
		D3E3D6871A4C6C88004103BD /* MISUnitOfWork.h */ = {isa = PBXFileReference; fileEncoding = 4; lastKnownFileType = sourcecode.c.h; path = MISUnitOfWork.h; sourceTree = "<group>"; };
		D3E3D6881A4C6C88004103BD /* MISUnitOfWork.m */ = {isa = PBXFileReference; fileEncoding = 4; lastKnownFileType = sourcecode.c.objc; path = MISUnitOfWork.m; sourceTree = "<group>"; };
		D3E3D68B1A4C6CA4004103BD /* MISMapper.h */ = {isa = PBXFileReference; fileEncoding = 4; lastKnownFileType = sourcecode.c.h; path = MISMapper.h; sourceTree = "<group>"; };
		D3E3D68C1A4C6CA4004103BD /* MISMapper.m */ = {isa = PBXFileReference; fileEncoding = 4; lastKnownFileType = sourcecode.c.objc; path = MISMapper.m; sourceTree = "<group>"; };
		D3E3D68F1A4C6CC9004103BD /* DomainObject.h */ = {isa = PBXFileReference; fileEncoding = 4; lastKnownFileType = sourcecode.c.h; path = DomainObject.h; sourceTree = "<group>"; };
		D3E3D6901A4C6CC9004103BD /* DomainObject.m */ = {isa = PBXFileReference; fileEncoding = 4; lastKnownFileType = sourcecode.c.objc; path = DomainObject.m; sourceTree = "<group>"; };
		D3E3D6941A4C6EF1004103BD /* MISQuery.h */ = {isa = PBXFileReference; fileEncoding = 4; lastKnownFileType = sourcecode.c.h; path = MISQuery.h; sourceTree = "<group>"; };
		D3E3D6951A4C6EF1004103BD /* MISQuery.m */ = {isa = PBXFileReference; fileEncoding = 4; lastKnownFileType = sourcecode.c.objc; path = MISQuery.m; sourceTree = "<group>"; };
		D3E3D6981A4C6EFE004103BD /* MISCriteria.h */ = {isa = PBXFileReference; fileEncoding = 4; lastKnownFileType = sourcecode.c.h; path = MISCriteria.h; sourceTree = "<group>"; };
		D3E3D6991A4C6EFE004103BD /* MISCriteria.m */ = {isa = PBXFileReference; fileEncoding = 4; lastKnownFileType = sourcecode.c.objc; path = MISCriteria.m; sourceTree = "<group>"; };
		D3E3D69C1A4C709D004103BD /* MakeItSo-Prefix.pch */ = {isa = PBXFileReference; lastKnownFileType = sourcecode.c.h; name = "MakeItSo-Prefix.pch"; path = "MakeItSo/MakeItSo-Prefix.pch"; sourceTree = SOURCE_ROOT; };
		D3F0F49B1A4CEFE1000F6F62 /* QueryParesrTestCase.m */ = {isa = PBXFileReference; fileEncoding = 4; lastKnownFileType = sourcecode.c.objc; path = QueryParesrTestCase.m; sourceTree = "<group>"; };
		D3F0F49D1A4CF045000F6F62 /* Repository.h */ = {isa = PBXFileReference; fileEncoding = 4; lastKnownFileType = sourcecode.c.h; path = Repository.h; sourceTree = "<group>"; };
		D3F0F49E1A4CF045000F6F62 /* Repository.m */ = {isa = PBXFileReference; fileEncoding = 4; lastKnownFileType = sourcecode.c.objc; path = Repository.m; sourceTree = "<group>"; };
		D3F0F4A11A4CF0E2000F6F62 /* query.grammar */ = {isa = PBXFileReference; fileEncoding = 4; lastKnownFileType = text; name = query.grammar; path = res/query.grammar; sourceTree = SOURCE_ROOT; };
		D3F0F4A31A4CF699000F6F62 /* MISQueryParser.h */ = {isa = PBXFileReference; fileEncoding = 4; lastKnownFileType = sourcecode.c.h; path = MISQueryParser.h; sourceTree = "<group>"; };
		D3F0F4A41A4CF699000F6F62 /* MISQueryParser.m */ = {isa = PBXFileReference; fileEncoding = 4; lastKnownFileType = sourcecode.c.objc; path = MISQueryParser.m; sourceTree = "<group>"; };
		D3F0F4A91A4CF721000F6F62 /* PEGKit.xcodeproj */ = {isa = PBXFileReference; lastKnownFileType = "wrapper.pb-project"; name = PEGKit.xcodeproj; path = lib/PEGKit/PEGKit.xcodeproj; sourceTree = "<group>"; };
		D3F0F4C51A4CF794000F6F62 /* MISQueryAssembler.h */ = {isa = PBXFileReference; fileEncoding = 4; lastKnownFileType = sourcecode.c.h; path = MISQueryAssembler.h; sourceTree = "<group>"; };
		D3F0F4C61A4CF794000F6F62 /* MISQueryAssembler.m */ = {isa = PBXFileReference; fileEncoding = 4; lastKnownFileType = sourcecode.c.objc; path = MISQueryAssembler.m; sourceTree = "<group>"; };
		D3F0F4CD1A4D0465000F6F62 /* MakeItSoTests.h */ = {isa = PBXFileReference; lastKnownFileType = sourcecode.c.h; path = MakeItSoTests.h; sourceTree = "<group>"; };
		D3F0F4CF1A4D9E97000F6F62 /* FMDatabase.h */ = {isa = PBXFileReference; fileEncoding = 4; lastKnownFileType = sourcecode.c.h; name = FMDatabase.h; path = lib/FMDB/src/fmdb/FMDatabase.h; sourceTree = SOURCE_ROOT; };
		D3F0F4D01A4D9E97000F6F62 /* FMDatabase.m */ = {isa = PBXFileReference; fileEncoding = 4; lastKnownFileType = sourcecode.c.objc; name = FMDatabase.m; path = lib/FMDB/src/fmdb/FMDatabase.m; sourceTree = SOURCE_ROOT; };
		D3F0F4D11A4D9E97000F6F62 /* FMResultSet.h */ = {isa = PBXFileReference; fileEncoding = 4; lastKnownFileType = sourcecode.c.h; name = FMResultSet.h; path = lib/FMDB/src/fmdb/FMResultSet.h; sourceTree = SOURCE_ROOT; };
		D3F0F4D21A4D9E97000F6F62 /* FMResultSet.m */ = {isa = PBXFileReference; fileEncoding = 4; lastKnownFileType = sourcecode.c.objc; name = FMResultSet.m; path = lib/FMDB/src/fmdb/FMResultSet.m; sourceTree = SOURCE_ROOT; };
		D3F0F4D71A4D9EAF000F6F62 /* libsqlite3.dylib */ = {isa = PBXFileReference; lastKnownFileType = "compiled.mach-o.dylib"; name = libsqlite3.dylib; path = usr/lib/libsqlite3.dylib; sourceTree = SDKROOT; };
		D3F0F4DE1A4DC165000F6F62 /* MISGenerator.app */ = {isa = PBXFileReference; explicitFileType = wrapper.application; includeInIndex = 0; path = MISGenerator.app; sourceTree = BUILT_PRODUCTS_DIR; };
		D3F0F4E11A4DC165000F6F62 /* MISGenerator-Info.plist */ = {isa = PBXFileReference; lastKnownFileType = text.plist.xml; path = "MISGenerator-Info.plist"; sourceTree = "<group>"; };
		D3F0F4E21A4DC165000F6F62 /* AppDelegate.h */ = {isa = PBXFileReference; lastKnownFileType = sourcecode.c.h; path = AppDelegate.h; sourceTree = "<group>"; };
		D3F0F4E31A4DC165000F6F62 /* AppDelegate.m */ = {isa = PBXFileReference; lastKnownFileType = sourcecode.c.objc; path = AppDelegate.m; sourceTree = "<group>"; };
		D3F0F4E51A4DC165000F6F62 /* main.m */ = {isa = PBXFileReference; lastKnownFileType = sourcecode.c.objc; path = main.m; sourceTree = "<group>"; };
		D3F0F4E71A4DC165000F6F62 /* Document.h */ = {isa = PBXFileReference; lastKnownFileType = sourcecode.c.h; path = Document.h; sourceTree = "<group>"; };
		D3F0F4E81A4DC165000F6F62 /* Document.m */ = {isa = PBXFileReference; lastKnownFileType = sourcecode.c.objc; path = Document.m; sourceTree = "<group>"; };
		D3F0F4EB1A4DC165000F6F62 /* Base */ = {isa = PBXFileReference; lastKnownFileType = file.xib; name = Base; path = Base.lproj/Document.xib; sourceTree = "<group>"; };
		D3F0F4ED1A4DC165000F6F62 /* Images.xcassets */ = {isa = PBXFileReference; lastKnownFileType = folder.assetcatalog; path = Images.xcassets; sourceTree = "<group>"; };
		D3F0F4F01A4DC165000F6F62 /* Base */ = {isa = PBXFileReference; lastKnownFileType = file.xib; name = Base; path = Base.lproj/MainMenu.xib; sourceTree = "<group>"; };
		D3F0F4F61A4DC165000F6F62 /* MISGeneratorTests.xctest */ = {isa = PBXFileReference; explicitFileType = wrapper.cfbundle; includeInIndex = 0; path = MISGeneratorTests.xctest; sourceTree = BUILT_PRODUCTS_DIR; };
		D3F0F4FB1A4DC165000F6F62 /* Info.plist */ = {isa = PBXFileReference; lastKnownFileType = text.plist.xml; path = Info.plist; sourceTree = "<group>"; };
		D3F0F4FC1A4DC165000F6F62 /* MISGeneratorTests.m */ = {isa = PBXFileReference; lastKnownFileType = sourcecode.c.objc; path = MISGeneratorTests.m; sourceTree = "<group>"; };
		D3F0F5041A4DC1E6000F6F62 /* MISGenerator.h */ = {isa = PBXFileReference; fileEncoding = 4; lastKnownFileType = sourcecode.c.h; path = MISGenerator.h; sourceTree = "<group>"; };
		D3F0F5051A4DC1E6000F6F62 /* MISGenerator.m */ = {isa = PBXFileReference; fileEncoding = 4; lastKnownFileType = sourcecode.c.objc; path = MISGenerator.m; sourceTree = "<group>"; };
		D3F0F50B1A4DC349000F6F62 /* SourceFilesTableView.h */ = {isa = PBXFileReference; fileEncoding = 4; lastKnownFileType = sourcecode.c.h; path = SourceFilesTableView.h; sourceTree = "<group>"; };
		D3F0F50C1A4DC349000F6F62 /* SourceFilesTableView.m */ = {isa = PBXFileReference; fileEncoding = 4; lastKnownFileType = sourcecode.c.objc; path = SourceFilesTableView.m; sourceTree = "<group>"; };
		D3F0F50E1A4DC362000F6F62 /* FilePreviewItem.h */ = {isa = PBXFileReference; fileEncoding = 4; lastKnownFileType = sourcecode.c.h; path = FilePreviewItem.h; sourceTree = "<group>"; };
		D3F0F50F1A4DC362000F6F62 /* FilePreviewItem.m */ = {isa = PBXFileReference; fileEncoding = 4; lastKnownFileType = sourcecode.c.objc; path = FilePreviewItem.m; sourceTree = "<group>"; };
		D3F0F51A1A4DC3E5000F6F62 /* TDUtils.h */ = {isa = PBXFileReference; fileEncoding = 4; lastKnownFileType = sourcecode.c.h; name = TDUtils.h; path = lib/TDAppKit/TDUtils.h; sourceTree = SOURCE_ROOT; };
		D3F0F51B1A4DC3E5000F6F62 /* TDUtils.m */ = {isa = PBXFileReference; fileEncoding = 4; lastKnownFileType = sourcecode.c.objc; name = TDUtils.m; path = lib/TDAppKit/TDUtils.m; sourceTree = SOURCE_ROOT; };
		D3F0F51D1A4DC3EB000F6F62 /* TDColorView.h */ = {isa = PBXFileReference; fileEncoding = 4; lastKnownFileType = sourcecode.c.h; name = TDColorView.h; path = lib/TDAppKit/TDColorView.h; sourceTree = SOURCE_ROOT; };
		D3F0F51E1A4DC3EB000F6F62 /* TDColorView.m */ = {isa = PBXFileReference; fileEncoding = 4; lastKnownFileType = sourcecode.c.objc; name = TDColorView.m; path = lib/TDAppKit/TDColorView.m; sourceTree = SOURCE_ROOT; };
		D3F0F51F1A4DC3EB000F6F62 /* TDDropTargetView.h */ = {isa = PBXFileReference; fileEncoding = 4; lastKnownFileType = sourcecode.c.h; name = TDDropTargetView.h; path = lib/TDAppKit/TDDropTargetView.h; sourceTree = SOURCE_ROOT; };
		D3F0F5201A4DC3EB000F6F62 /* TDDropTargetView.m */ = {isa = PBXFileReference; fileEncoding = 4; lastKnownFileType = sourcecode.c.objc; name = TDDropTargetView.m; path = lib/TDAppKit/TDDropTargetView.m; sourceTree = SOURCE_ROOT; };
		D3F0F5211A4DC3EB000F6F62 /* TDView.h */ = {isa = PBXFileReference; fileEncoding = 4; lastKnownFileType = sourcecode.c.h; name = TDView.h; path = lib/TDAppKit/TDView.h; sourceTree = SOURCE_ROOT; };
		D3F0F5221A4DC3EB000F6F62 /* TDView.m */ = {isa = PBXFileReference; fileEncoding = 4; lastKnownFileType = sourcecode.c.objc; name = TDView.m; path = lib/TDAppKit/TDView.m; sourceTree = SOURCE_ROOT; };
		D3F0F5261A4DC491000F6F62 /* TDHintButton.h */ = {isa = PBXFileReference; fileEncoding = 4; lastKnownFileType = sourcecode.c.h; name = TDHintButton.h; path = lib/TDAppKit/TDHintButton.h; sourceTree = SOURCE_ROOT; };
		D3F0F5271A4DC491000F6F62 /* TDHintButton.m */ = {isa = PBXFileReference; fileEncoding = 4; lastKnownFileType = sourcecode.c.objc; name = TDHintButton.m; path = lib/TDAppKit/TDHintButton.m; sourceTree = SOURCE_ROOT; };
		D3F0F52A1A4DC5E4000F6F62 /* TDTemplateEngine.xcodeproj */ = {isa = PBXFileReference; lastKnownFileType = "wrapper.pb-project"; name = TDTemplateEngine.xcodeproj; path = lib/TDTemplateEngine/TDTemplateEngine.xcodeproj; sourceTree = "<group>"; };
		D3F0F5401A4DC68D000F6F62 /* ObjCAssembler.h */ = {isa = PBXFileReference; fileEncoding = 4; lastKnownFileType = sourcecode.c.h; path = ObjCAssembler.h; sourceTree = "<group>"; };
		D3F0F5411A4DC68D000F6F62 /* ObjCAssembler.m */ = {isa = PBXFileReference; fileEncoding = 4; lastKnownFileType = sourcecode.c.objc; path = ObjCAssembler.m; sourceTree = "<group>"; };
		D3F0F5421A4DC68D000F6F62 /* ObjCParser.h */ = {isa = PBXFileReference; fileEncoding = 4; lastKnownFileType = sourcecode.c.h; path = ObjCParser.h; sourceTree = "<group>"; };
		D3F0F5431A4DC68E000F6F62 /* ObjCParser.m */ = {isa = PBXFileReference; fileEncoding = 4; lastKnownFileType = sourcecode.c.objc; path = ObjCParser.m; sourceTree = "<group>"; };
		D3F0F5471A4DC6AE000F6F62 /* MISField.h */ = {isa = PBXFileReference; fileEncoding = 4; lastKnownFileType = sourcecode.c.h; path = MISField.h; sourceTree = "<group>"; };
		D3F0F5481A4DC6AE000F6F62 /* MISField.m */ = {isa = PBXFileReference; fileEncoding = 4; lastKnownFileType = sourcecode.c.objc; path = MISField.m; sourceTree = "<group>"; };
		D3F0F5491A4DC6AE000F6F62 /* MISClass.h */ = {isa = PBXFileReference; fileEncoding = 4; lastKnownFileType = sourcecode.c.h; path = MISClass.h; sourceTree = "<group>"; };
		D3F0F54A1A4DC6AE000F6F62 /* MISClass.m */ = {isa = PBXFileReference; fileEncoding = 4; lastKnownFileType = sourcecode.c.objc; path = MISClass.m; sourceTree = "<group>"; };
		D3F0F54E1A4EF878000F6F62 /* MISGenerator-Prefix.pch */ = {isa = PBXFileReference; lastKnownFileType = sourcecode.c.h; path = "MISGenerator-Prefix.pch"; sourceTree = "<group>"; };
		D3F0F5511A4F0847000F6F62 /* MapperTemplate.h.txt */ = {isa = PBXFileReference; fileEncoding = 4; lastKnownFileType = text; name = MapperTemplate.h.txt; path = res/MapperTemplate.h.txt; sourceTree = SOURCE_ROOT; };
		D3F0F5521A4F0847000F6F62 /* MapperTemplate.m.txt */ = {isa = PBXFileReference; fileEncoding = 4; lastKnownFileType = text; name = MapperTemplate.m.txt; path = res/MapperTemplate.m.txt; sourceTree = SOURCE_ROOT; };
		D3F0F5531A4F0847000F6F62 /* RepositoryTemplate.h.txt */ = {isa = PBXFileReference; fileEncoding = 4; lastKnownFileType = text; name = RepositoryTemplate.h.txt; path = res/RepositoryTemplate.h.txt; sourceTree = SOURCE_ROOT; };
		D3F0F5541A4F0847000F6F62 /* RepositoryTemplate.m.txt */ = {isa = PBXFileReference; fileEncoding = 4; lastKnownFileType = text; name = RepositoryTemplate.m.txt; path = res/RepositoryTemplate.m.txt; sourceTree = SOURCE_ROOT; };
		D3F0F5591A4F1993000F6F62 /* sql.txt */ = {isa = PBXFileReference; fileEncoding = 4; lastKnownFileType = text; name = sql.txt; path = res/sql.txt; sourceTree = SOURCE_ROOT; };
		D3F0F5641A4F354C000F6F62 /* MISGenerator-DefaultValues.plist */ = {isa = PBXFileReference; fileEncoding = 4; lastKnownFileType = text.plist.xml; name = "MISGenerator-DefaultValues.plist"; path = "res/MISGenerator-DefaultValues.plist"; sourceTree = SOURCE_ROOT; };
		D3F0F5661A4F35DE000F6F62 /* PreferencesWindowController.h */ = {isa = PBXFileReference; fileEncoding = 4; lastKnownFileType = sourcecode.c.h; path = PreferencesWindowController.h; sourceTree = "<group>"; };
		D3F0F5671A4F35DE000F6F62 /* PreferencesWindowController.m */ = {isa = PBXFileReference; fileEncoding = 4; lastKnownFileType = sourcecode.c.objc; path = PreferencesWindowController.m; sourceTree = "<group>"; };
		D3F0F5681A4F35DE000F6F62 /* PreferencesWindowController.xib */ = {isa = PBXFileReference; fileEncoding = 4; lastKnownFileType = file.xib; path = PreferencesWindowController.xib; sourceTree = "<group>"; };
		D3F4B02D1A4C6ADE001ACB0E /* MakeItSo.framework */ = {isa = PBXFileReference; explicitFileType = wrapper.framework; includeInIndex = 0; path = MakeItSo.framework; sourceTree = BUILT_PRODUCTS_DIR; };
		D3F4B0311A4C6ADE001ACB0E /* MakeItSo-Info.plist */ = {isa = PBXFileReference; lastKnownFileType = text.plist.xml; path = "MakeItSo-Info.plist"; sourceTree = "<group>"; };
		D3F4B0321A4C6ADE001ACB0E /* MakeItSo.h */ = {isa = PBXFileReference; lastKnownFileType = sourcecode.c.h; path = MakeItSo.h; sourceTree = "<group>"; };
		D3F4B0381A4C6ADE001ACB0E /* MakeItSoTests.xctest */ = {isa = PBXFileReference; explicitFileType = wrapper.cfbundle; includeInIndex = 0; path = MakeItSoTests.xctest; sourceTree = BUILT_PRODUCTS_DIR; };
		D3F4B03E1A4C6ADE001ACB0E /* MakeItSoTests-Info.plist */ = {isa = PBXFileReference; lastKnownFileType = text.plist.xml; path = "MakeItSoTests-Info.plist"; sourceTree = "<group>"; };
		D3F4B03F1A4C6ADE001ACB0E /* MISTestCase.m */ = {isa = PBXFileReference; lastKnownFileType = sourcecode.c.objc; path = MISTestCase.m; sourceTree = "<group>"; };
/* End PBXFileReference section */

/* Begin PBXFrameworksBuildPhase section */
		D3F0F4DB1A4DC165000F6F62 /* Frameworks */ = {
			isa = PBXFrameworksBuildPhase;
			buildActionMask = 2147483647;
			files = (
				D3F0F55F1A4F3012000F6F62 /* libsqlite3.dylib in Frameworks */,
				D3F0F5371A4DC5F6000F6F62 /* MakeItSo.framework in Frameworks */,
				D3F0F5381A4DC5F6000F6F62 /* PEGKit.framework in Frameworks */,
				D3F0F5391A4DC5F6000F6F62 /* TDTemplateEngine.framework in Frameworks */,
			);
			runOnlyForDeploymentPostprocessing = 0;
		};
		D3F0F4F31A4DC165000F6F62 /* Frameworks */ = {
			isa = PBXFrameworksBuildPhase;
			buildActionMask = 2147483647;
			files = (
				D3F0F5781A4F5778000F6F62 /* libsqlite3.dylib in Frameworks */,
				D366C1EB1A544BD500D69669 /* OCMock.framework in Frameworks */,
				D3F0F5721A4F5728000F6F62 /* MakeItSo.framework in Frameworks */,
				D3F0F5731A4F5728000F6F62 /* PEGKit.framework in Frameworks */,
			);
			runOnlyForDeploymentPostprocessing = 0;
		};
		D3F4B0291A4C6ADE001ACB0E /* Frameworks */ = {
			isa = PBXFrameworksBuildPhase;
			buildActionMask = 2147483647;
			files = (
				D3F0F4D81A4D9EAF000F6F62 /* libsqlite3.dylib in Frameworks */,
				D3F0F4C31A4CF751000F6F62 /* PEGKit.framework in Frameworks */,
			);
			runOnlyForDeploymentPostprocessing = 0;
		};
		D3F4B0351A4C6ADE001ACB0E /* Frameworks */ = {
			isa = PBXFrameworksBuildPhase;
			buildActionMask = 2147483647;
			files = (
				D3F4B0391A4C6ADE001ACB0E /* MakeItSo.framework in Frameworks */,
				D366C1F41A544F4100D69669 /* OCMock.framework in Frameworks */,
			);
			runOnlyForDeploymentPostprocessing = 0;
		};
/* End PBXFrameworksBuildPhase section */

/* Begin PBXGroup section */
		D3E3D6931A4C6CD4004103BD /* Internal */ = {
			isa = PBXGroup;
			children = (
				D3F0F4C41A4CF782000F6F62 /* Query */,
				D3E3D6871A4C6C88004103BD /* MISUnitOfWork.h */,
				D3E3D6881A4C6C88004103BD /* MISUnitOfWork.m */,
				D3E3D68B1A4C6CA4004103BD /* MISMapper.h */,
				D3E3D68C1A4C6CA4004103BD /* MISMapper.m */,
				D366C1E11A5389CE00D69669 /* MISKeyGenerator.h */,
				D366C1E21A5389CE00D69669 /* MISKeyGenerator.m */,
			);
			name = Internal;
			sourceTree = "<group>";
		};
		D3F0F4AA1A4CF721000F6F62 /* Products */ = {
			isa = PBXGroup;
			children = (
				D3F0F4B21A4CF721000F6F62 /* PEGKit.framework */,
				D3F0F4B41A4CF721000F6F62 /* libPEGKitOSX.a */,
				D3F0F4B61A4CF721000F6F62 /* libPEGKitIOS.a */,
				D3F0F4B81A4CF721000F6F62 /* PEGKitTests.xctest */,
				D3F0F4BA1A4CF721000F6F62 /* ParserGenApp.app */,
			);
			name = Products;
			sourceTree = "<group>";
		};
		D3F0F4C41A4CF782000F6F62 /* Query */ = {
			isa = PBXGroup;
			children = (
				D3E3D6941A4C6EF1004103BD /* MISQuery.h */,
				D3E3D6951A4C6EF1004103BD /* MISQuery.m */,
				D3E3D6981A4C6EFE004103BD /* MISCriteria.h */,
				D3E3D6991A4C6EFE004103BD /* MISCriteria.m */,
				D3F0F4A31A4CF699000F6F62 /* MISQueryParser.h */,
				D3F0F4A41A4CF699000F6F62 /* MISQueryParser.m */,
				D3F0F4C51A4CF794000F6F62 /* MISQueryAssembler.h */,
				D3F0F4C61A4CF794000F6F62 /* MISQueryAssembler.m */,
			);
			name = Query;
			sourceTree = "<group>";
		};
		D3F0F4CE1A4D9E8F000F6F62 /* FMDB */ = {
			isa = PBXGroup;
			children = (
				D3F0F4CF1A4D9E97000F6F62 /* FMDatabase.h */,
				D3F0F4D01A4D9E97000F6F62 /* FMDatabase.m */,
				D3F0F4D11A4D9E97000F6F62 /* FMResultSet.h */,
				D3F0F4D21A4D9E97000F6F62 /* FMResultSet.m */,
			);
			name = FMDB;
			sourceTree = "<group>";
		};
		D3F0F4D91A4D9EC4000F6F62 /* Libraries */ = {
			isa = PBXGroup;
			children = (
				D3F0F4D71A4D9EAF000F6F62 /* libsqlite3.dylib */,
				D366C1EA1A544BD500D69669 /* OCMock.framework */,
			);
			name = Libraries;
			sourceTree = "<group>";
		};
		D3F0F4DF1A4DC165000F6F62 /* MISGenerator */ = {
			isa = PBXGroup;
			children = (
				D3F0F4EF1A4DC165000F6F62 /* MainMenu.xib */,
				D3F0F4E21A4DC165000F6F62 /* AppDelegate.h */,
				D3F0F4E31A4DC165000F6F62 /* AppDelegate.m */,
				D3F0F4E71A4DC165000F6F62 /* Document.h */,
				D3F0F4E81A4DC165000F6F62 /* Document.m */,
				D3F0F4EA1A4DC165000F6F62 /* Document.xib */,
				D3F0F50B1A4DC349000F6F62 /* SourceFilesTableView.h */,
				D3F0F50C1A4DC349000F6F62 /* SourceFilesTableView.m */,
				D3F0F50E1A4DC362000F6F62 /* FilePreviewItem.h */,
				D3F0F50F1A4DC362000F6F62 /* FilePreviewItem.m */,
				D3F0F5661A4F35DE000F6F62 /* PreferencesWindowController.h */,
				D3F0F5671A4F35DE000F6F62 /* PreferencesWindowController.m */,
				D3F0F5681A4F35DE000F6F62 /* PreferencesWindowController.xib */,
				D3F0F5041A4DC1E6000F6F62 /* MISGenerator.h */,
				D3F0F5051A4DC1E6000F6F62 /* MISGenerator.m */,
				D3F0F54D1A4DC6B2000F6F62 /* Parsing */,
				D3F0F5291A4DC49D000F6F62 /* TDAppKit */,
				D3F0F4ED1A4DC165000F6F62 /* Images.xcassets */,
				D3F0F4E01A4DC165000F6F62 /* Supporting Files */,
			);
			path = MISGenerator;
			sourceTree = "<group>";
		};
		D3F0F4E01A4DC165000F6F62 /* Supporting Files */ = {
			isa = PBXGroup;
			children = (
				D3F0F54E1A4EF878000F6F62 /* MISGenerator-Prefix.pch */,
				D3F0F4E51A4DC165000F6F62 /* main.m */,
				D3F0F4E11A4DC165000F6F62 /* MISGenerator-Info.plist */,
				D3F0F5641A4F354C000F6F62 /* MISGenerator-DefaultValues.plist */,
				D3F0F5511A4F0847000F6F62 /* MapperTemplate.h.txt */,
				D3F0F5521A4F0847000F6F62 /* MapperTemplate.m.txt */,
				D3F0F5531A4F0847000F6F62 /* RepositoryTemplate.h.txt */,
				D3F0F5541A4F0847000F6F62 /* RepositoryTemplate.m.txt */,
				D3F0F5591A4F1993000F6F62 /* sql.txt */,
			);
			name = "Supporting Files";
			sourceTree = "<group>";
		};
		D3F0F4F91A4DC165000F6F62 /* MISGeneratorTests */ = {
			isa = PBXGroup;
			children = (
				D366C1F11A544D7C00D69669 /* MISBaseTest.h */,
				D366C1EF1A544D4900D69669 /* MISBaseTest.m */,
				D3F0F4FC1A4DC165000F6F62 /* MISGeneratorTests.m */,
				D30DDD8F1A4F90C300448BB9 /* Player.h */,
				D30DDD901A4F90C300448BB9 /* Player.m */,
				D30DDD951A4F90C300448BB9 /* Team.h */,
				D30DDD961A4F90C300448BB9 /* Team.m */,
				D30DDD911A4F90C300448BB9 /* PlayerMapper.h */,
				D30DDD921A4F90C300448BB9 /* PlayerMapper.m */,
				D30DDD931A4F90C300448BB9 /* PlayerRepository.h */,
				D30DDD941A4F90C300448BB9 /* PlayerRepository.m */,
				D30DDD971A4F90C300448BB9 /* TeamMapper.h */,
				D30DDD981A4F90C300448BB9 /* TeamMapper.m */,
				D30DDD991A4F90C300448BB9 /* TeamRepository.h */,
				D30DDD9A1A4F90C300448BB9 /* TeamRepository.m */,
				D3F0F4FA1A4DC165000F6F62 /* Supporting Files */,
			);
			path = MISGeneratorTests;
			sourceTree = "<group>";
		};
		D3F0F4FA1A4DC165000F6F62 /* Supporting Files */ = {
			isa = PBXGroup;
			children = (
				D3F0F4FB1A4DC165000F6F62 /* Info.plist */,
			);
			name = "Supporting Files";
			sourceTree = "<group>";
		};
		D3F0F5291A4DC49D000F6F62 /* TDAppKit */ = {
			isa = PBXGroup;
			children = (
				D3F0F51A1A4DC3E5000F6F62 /* TDUtils.h */,
				D3F0F51B1A4DC3E5000F6F62 /* TDUtils.m */,
				D3F0F5211A4DC3EB000F6F62 /* TDView.h */,
				D3F0F5221A4DC3EB000F6F62 /* TDView.m */,
				D3F0F51D1A4DC3EB000F6F62 /* TDColorView.h */,
				D3F0F51E1A4DC3EB000F6F62 /* TDColorView.m */,
				D3F0F51F1A4DC3EB000F6F62 /* TDDropTargetView.h */,
				D3F0F5201A4DC3EB000F6F62 /* TDDropTargetView.m */,
				D3F0F5261A4DC491000F6F62 /* TDHintButton.h */,
				D3F0F5271A4DC491000F6F62 /* TDHintButton.m */,
			);
			name = TDAppKit;
			sourceTree = "<group>";
		};
		D3F0F52B1A4DC5E4000F6F62 /* Products */ = {
			isa = PBXGroup;
			children = (
				D3F0F5301A4DC5E4000F6F62 /* TDTemplateEngine.framework */,
				D3F0F5321A4DC5E4000F6F62 /* TDTemplateEngineTests.xctest */,
			);
			name = Products;
			sourceTree = "<group>";
		};
		D3F0F54D1A4DC6B2000F6F62 /* Parsing */ = {
			isa = PBXGroup;
			children = (
				D3F0F5401A4DC68D000F6F62 /* ObjCAssembler.h */,
				D3F0F5411A4DC68D000F6F62 /* ObjCAssembler.m */,
				D3F0F5421A4DC68D000F6F62 /* ObjCParser.h */,
				D3F0F5431A4DC68E000F6F62 /* ObjCParser.m */,
				D3F0F5491A4DC6AE000F6F62 /* MISClass.h */,
				D3F0F54A1A4DC6AE000F6F62 /* MISClass.m */,
				D3F0F5471A4DC6AE000F6F62 /* MISField.h */,
				D3F0F5481A4DC6AE000F6F62 /* MISField.m */,
			);
			name = Parsing;
			sourceTree = "<group>";
		};
		D3F4B0231A4C6ADD001ACB0E = {
			isa = PBXGroup;
			children = (
				D3F0F52A1A4DC5E4000F6F62 /* TDTemplateEngine.xcodeproj */,
				D3F0F4A91A4CF721000F6F62 /* PEGKit.xcodeproj */,
				D3F4B02F1A4C6ADE001ACB0E /* MakeItSo */,
				D3F4B03C1A4C6ADE001ACB0E /* MakeItSoTests */,
				D3F0F4D91A4D9EC4000F6F62 /* Libraries */,
				D3F0F4DF1A4DC165000F6F62 /* MISGenerator */,
				D3F0F4F91A4DC165000F6F62 /* MISGeneratorTests */,
				D3F4B02E1A4C6ADE001ACB0E /* Products */,
			);
			sourceTree = "<group>";
		};
		D3F4B02E1A4C6ADE001ACB0E /* Products */ = {
			isa = PBXGroup;
			children = (
				D3F4B02D1A4C6ADE001ACB0E /* MakeItSo.framework */,
				D3F4B0381A4C6ADE001ACB0E /* MakeItSoTests.xctest */,
				D3F0F4DE1A4DC165000F6F62 /* MISGenerator.app */,
				D3F0F4F61A4DC165000F6F62 /* MISGeneratorTests.xctest */,
			);
			name = Products;
			sourceTree = "<group>";
		};
		D3F4B02F1A4C6ADE001ACB0E /* MakeItSo */ = {
			isa = PBXGroup;
			children = (
				D3F0F4CE1A4D9E8F000F6F62 /* FMDB */,
				D3F4B0321A4C6ADE001ACB0E /* MakeItSo.h */,
				D3E3D68F1A4C6CC9004103BD /* DomainObject.h */,
				D3E3D6901A4C6CC9004103BD /* DomainObject.m */,
				D3F0F49D1A4CF045000F6F62 /* Repository.h */,
				D3F0F49E1A4CF045000F6F62 /* Repository.m */,
				D3E3D6931A4C6CD4004103BD /* Internal */,
				D3F4B0301A4C6ADE001ACB0E /* Supporting Files */,
			);
			path = MakeItSo;
			sourceTree = "<group>";
		};
		D3F4B0301A4C6ADE001ACB0E /* Supporting Files */ = {
			isa = PBXGroup;
			children = (
				D3F4B0311A4C6ADE001ACB0E /* MakeItSo-Info.plist */,
				D3F0F4A11A4CF0E2000F6F62 /* query.grammar */,
			);
			name = "Supporting Files";
			sourceTree = "<group>";
		};
		D3F4B03C1A4C6ADE001ACB0E /* MakeItSoTests */ = {
			isa = PBXGroup;
			children = (
				D3F0F4CD1A4D0465000F6F62 /* MakeItSoTests.h */,
				D3F4B03F1A4C6ADE001ACB0E /* MISTestCase.m */,
				D3F0F49B1A4CEFE1000F6F62 /* QueryParesrTestCase.m */,
				D3F4B03D1A4C6ADE001ACB0E /* Supporting Files */,
			);
			path = MakeItSoTests;
			sourceTree = "<group>";
		};
		D3F4B03D1A4C6ADE001ACB0E /* Supporting Files */ = {
			isa = PBXGroup;
			children = (
				D3E3D69C1A4C709D004103BD /* MakeItSo-Prefix.pch */,
				D3F4B03E1A4C6ADE001ACB0E /* MakeItSoTests-Info.plist */,
			);
			name = "Supporting Files";
			sourceTree = "<group>";
		};
/* End PBXGroup section */

/* Begin PBXHeadersBuildPhase section */
		D3F4B02A1A4C6ADE001ACB0E /* Headers */ = {
			isa = PBXHeadersBuildPhase;
			buildActionMask = 2147483647;
			files = (
				D366C1E31A5389CE00D69669 /* MISKeyGenerator.h in Headers */,
				D3E3D68D1A4C6CA4004103BD /* MISMapper.h in Headers */,
				D3E3D6891A4C6C88004103BD /* MISUnitOfWork.h in Headers */,
				D3F0F4A51A4CF699000F6F62 /* MISQueryParser.h in Headers */,
				D3F4B0331A4C6ADE001ACB0E /* MakeItSo.h in Headers */,
				D3E3D6911A4C6CC9004103BD /* DomainObject.h in Headers */,
				D3F0F49F1A4CF045000F6F62 /* Repository.h in Headers */,
				D3F0F4C71A4CF794000F6F62 /* MISQueryAssembler.h in Headers */,
				D3F0F4D51A4D9E97000F6F62 /* FMResultSet.h in Headers */,
				D3E3D6961A4C6EF1004103BD /* MISQuery.h in Headers */,
				D3F0F4D31A4D9E97000F6F62 /* FMDatabase.h in Headers */,
				D3E3D69A1A4C6EFE004103BD /* MISCriteria.h in Headers */,
			);
			runOnlyForDeploymentPostprocessing = 0;
		};
/* End PBXHeadersBuildPhase section */

/* Begin PBXNativeTarget section */
		D3F0F4DD1A4DC165000F6F62 /* MISGenerator */ = {
			isa = PBXNativeTarget;
			buildConfigurationList = D3F0F4FE1A4DC165000F6F62 /* Build configuration list for PBXNativeTarget "MISGenerator" */;
			buildPhases = (
				D3F0F4DA1A4DC165000F6F62 /* Sources */,
				D3F0F4DB1A4DC165000F6F62 /* Frameworks */,
				D3F0F4DC1A4DC165000F6F62 /* Resources */,
				D3F0F53A1A4DC5FE000F6F62 /* Copy Frameworks */,
			);
			buildRules = (
			);
			dependencies = (
				D3F0F5341A4DC5EE000F6F62 /* PBXTargetDependency */,
				D3F0F5361A4DC5EE000F6F62 /* PBXTargetDependency */,
			);
			name = MISGenerator;
			productName = MISGenerator;
			productReference = D3F0F4DE1A4DC165000F6F62 /* MISGenerator.app */;
			productType = "com.apple.product-type.application";
		};
		D3F0F4F51A4DC165000F6F62 /* MISGeneratorTests */ = {
			isa = PBXNativeTarget;
			buildConfigurationList = D3F0F5011A4DC165000F6F62 /* Build configuration list for PBXNativeTarget "MISGeneratorTests" */;
			buildPhases = (
				D3F0F4F21A4DC165000F6F62 /* Sources */,
				D3F0F4F31A4DC165000F6F62 /* Frameworks */,
				D3F0F4F41A4DC165000F6F62 /* Resources */,
				D366C1ED1A544C9700D69669 /* CopyFiles */,
			);
			buildRules = (
			);
			dependencies = (
				D3F0F5751A4F5734000F6F62 /* PBXTargetDependency */,
				D3F0F5771A4F5734000F6F62 /* PBXTargetDependency */,
				D3F0F4F81A4DC165000F6F62 /* PBXTargetDependency */,
			);
			name = MISGeneratorTests;
			productName = MISGeneratorTests;
			productReference = D3F0F4F61A4DC165000F6F62 /* MISGeneratorTests.xctest */;
			productType = "com.apple.product-type.bundle.unit-test";
		};
		D3F4B02C1A4C6ADE001ACB0E /* MakeItSo */ = {
			isa = PBXNativeTarget;
			buildConfigurationList = D3F4B0431A4C6ADE001ACB0E /* Build configuration list for PBXNativeTarget "MakeItSo" */;
			buildPhases = (
				D3F4B0281A4C6ADE001ACB0E /* Sources */,
				D3F4B0291A4C6ADE001ACB0E /* Frameworks */,
				D3F4B02A1A4C6ADE001ACB0E /* Headers */,
				D3F4B02B1A4C6ADE001ACB0E /* Resources */,
			);
			buildRules = (
			);
			dependencies = (
				D3F0F4C21A4CF74C000F6F62 /* PBXTargetDependency */,
			);
			name = MakeItSo;
			productName = MakeItSo;
			productReference = D3F4B02D1A4C6ADE001ACB0E /* MakeItSo.framework */;
			productType = "com.apple.product-type.framework";
		};
		D3F4B0371A4C6ADE001ACB0E /* MakeItSoTests */ = {
			isa = PBXNativeTarget;
			buildConfigurationList = D3F4B0461A4C6ADE001ACB0E /* Build configuration list for PBXNativeTarget "MakeItSoTests" */;
			buildPhases = (
				D3F4B0341A4C6ADE001ACB0E /* Sources */,
				D3F4B0351A4C6ADE001ACB0E /* Frameworks */,
				D3F4B0361A4C6ADE001ACB0E /* Resources */,
				D366C1F51A544F4E00D69669 /* CopyFiles */,
			);
			buildRules = (
			);
			dependencies = (
				D3F4B03B1A4C6ADE001ACB0E /* PBXTargetDependency */,
			);
			name = MakeItSoTests;
			productName = MakeItSoTests;
			productReference = D3F4B0381A4C6ADE001ACB0E /* MakeItSoTests.xctest */;
			productType = "com.apple.product-type.bundle.unit-test";
		};
/* End PBXNativeTarget section */

/* Begin PBXProject section */
		D3F4B0241A4C6ADD001ACB0E /* Project object */ = {
			isa = PBXProject;
			attributes = {
				LastUpgradeCheck = 0610;
				ORGANIZATIONNAME = "Todd Ditchendorf";
				TargetAttributes = {
					D3F0F4DD1A4DC165000F6F62 = {
						CreatedOnToolsVersion = 6.1;
					};
					D3F0F4F51A4DC165000F6F62 = {
						CreatedOnToolsVersion = 6.1;
						TestTargetID = D3F0F4DD1A4DC165000F6F62;
					};
					D3F4B02C1A4C6ADE001ACB0E = {
						CreatedOnToolsVersion = 6.1;
					};
					D3F4B0371A4C6ADE001ACB0E = {
						CreatedOnToolsVersion = 6.1;
					};
				};
			};
			buildConfigurationList = D3F4B0271A4C6ADD001ACB0E /* Build configuration list for PBXProject "MakeItSo" */;
			compatibilityVersion = "Xcode 3.2";
			developmentRegion = English;
			hasScannedForEncodings = 0;
			knownRegions = (
				en,
				Base,
			);
			mainGroup = D3F4B0231A4C6ADD001ACB0E;
			productRefGroup = D3F4B02E1A4C6ADE001ACB0E /* Products */;
			projectDirPath = "";
			projectReferences = (
				{
					ProductGroup = D3F0F4AA1A4CF721000F6F62 /* Products */;
					ProjectRef = D3F0F4A91A4CF721000F6F62 /* PEGKit.xcodeproj */;
				},
				{
					ProductGroup = D3F0F52B1A4DC5E4000F6F62 /* Products */;
					ProjectRef = D3F0F52A1A4DC5E4000F6F62 /* TDTemplateEngine.xcodeproj */;
				},
			);
			projectRoot = "";
			targets = (
				D3F4B02C1A4C6ADE001ACB0E /* MakeItSo */,
				D3F4B0371A4C6ADE001ACB0E /* MakeItSoTests */,
				D3F0F4DD1A4DC165000F6F62 /* MISGenerator */,
				D3F0F4F51A4DC165000F6F62 /* MISGeneratorTests */,
			);
		};
/* End PBXProject section */

/* Begin PBXReferenceProxy section */
		D3F0F4B21A4CF721000F6F62 /* PEGKit.framework */ = {
			isa = PBXReferenceProxy;
			fileType = wrapper.framework;
			path = PEGKit.framework;
			remoteRef = D3F0F4B11A4CF721000F6F62 /* PBXContainerItemProxy */;
			sourceTree = BUILT_PRODUCTS_DIR;
		};
		D3F0F4B41A4CF721000F6F62 /* libPEGKitOSX.a */ = {
			isa = PBXReferenceProxy;
			fileType = archive.ar;
			path = libPEGKitOSX.a;
			remoteRef = D3F0F4B31A4CF721000F6F62 /* PBXContainerItemProxy */;
			sourceTree = BUILT_PRODUCTS_DIR;
		};
		D3F0F4B61A4CF721000F6F62 /* libPEGKitIOS.a */ = {
			isa = PBXReferenceProxy;
			fileType = archive.ar;
			path = libPEGKitIOS.a;
			remoteRef = D3F0F4B51A4CF721000F6F62 /* PBXContainerItemProxy */;
			sourceTree = BUILT_PRODUCTS_DIR;
		};
		D3F0F4B81A4CF721000F6F62 /* PEGKitTests.xctest */ = {
			isa = PBXReferenceProxy;
			fileType = wrapper.cfbundle;
			path = PEGKitTests.xctest;
			remoteRef = D3F0F4B71A4CF721000F6F62 /* PBXContainerItemProxy */;
			sourceTree = BUILT_PRODUCTS_DIR;
		};
		D3F0F4BA1A4CF721000F6F62 /* ParserGenApp.app */ = {
			isa = PBXReferenceProxy;
			fileType = wrapper.application;
			path = ParserGenApp.app;
			remoteRef = D3F0F4B91A4CF721000F6F62 /* PBXContainerItemProxy */;
			sourceTree = BUILT_PRODUCTS_DIR;
		};
		D3F0F5301A4DC5E4000F6F62 /* TDTemplateEngine.framework */ = {
			isa = PBXReferenceProxy;
			fileType = wrapper.framework;
			path = TDTemplateEngine.framework;
			remoteRef = D3F0F52F1A4DC5E4000F6F62 /* PBXContainerItemProxy */;
			sourceTree = BUILT_PRODUCTS_DIR;
		};
		D3F0F5321A4DC5E4000F6F62 /* TDTemplateEngineTests.xctest */ = {
			isa = PBXReferenceProxy;
			fileType = wrapper.cfbundle;
			path = TDTemplateEngineTests.xctest;
			remoteRef = D3F0F5311A4DC5E4000F6F62 /* PBXContainerItemProxy */;
			sourceTree = BUILT_PRODUCTS_DIR;
		};
/* End PBXReferenceProxy section */

/* Begin PBXResourcesBuildPhase section */
		D3F0F4DC1A4DC165000F6F62 /* Resources */ = {
			isa = PBXResourcesBuildPhase;
			buildActionMask = 2147483647;
			files = (
				D3F0F4EC1A4DC165000F6F62 /* Document.xib in Resources */,
				D3F0F5561A4F0847000F6F62 /* MapperTemplate.m.txt in Resources */,
				D3F0F5551A4F0847000F6F62 /* MapperTemplate.h.txt in Resources */,
				D3F0F5581A4F0847000F6F62 /* RepositoryTemplate.m.txt in Resources */,
				D3F0F4EE1A4DC165000F6F62 /* Images.xcassets in Resources */,
				D3F0F5651A4F354C000F6F62 /* MISGenerator-DefaultValues.plist in Resources */,
				D3F0F55A1A4F1993000F6F62 /* sql.txt in Resources */,
				D3F0F5571A4F0847000F6F62 /* RepositoryTemplate.h.txt in Resources */,
				D3F0F56A1A4F35DE000F6F62 /* PreferencesWindowController.xib in Resources */,
				D3F0F4F11A4DC165000F6F62 /* MainMenu.xib in Resources */,
			);
			runOnlyForDeploymentPostprocessing = 0;
		};
		D3F0F4F41A4DC165000F6F62 /* Resources */ = {
			isa = PBXResourcesBuildPhase;
			buildActionMask = 2147483647;
			files = (
			);
			runOnlyForDeploymentPostprocessing = 0;
		};
		D3F4B02B1A4C6ADE001ACB0E /* Resources */ = {
			isa = PBXResourcesBuildPhase;
			buildActionMask = 2147483647;
			files = (
			);
			runOnlyForDeploymentPostprocessing = 0;
		};
		D3F4B0361A4C6ADE001ACB0E /* Resources */ = {
			isa = PBXResourcesBuildPhase;
			buildActionMask = 2147483647;
			files = (
			);
			runOnlyForDeploymentPostprocessing = 0;
		};
/* End PBXResourcesBuildPhase section */

/* Begin PBXSourcesBuildPhase section */
		D3F0F4DA1A4DC165000F6F62 /* Sources */ = {
			isa = PBXSourcesBuildPhase;
			buildActionMask = 2147483647;
			files = (
				D3F0F54C1A4DC6AE000F6F62 /* MISClass.m in Sources */,
				D3F0F4E91A4DC165000F6F62 /* Document.m in Sources */,
				D3F0F51C1A4DC3E5000F6F62 /* TDUtils.m in Sources */,
				D3F0F5231A4DC3EB000F6F62 /* TDColorView.m in Sources */,
				D3F0F5061A4DC1E6000F6F62 /* MISGenerator.m in Sources */,
				D3F0F5251A4DC3EB000F6F62 /* TDView.m in Sources */,
				D3F0F50D1A4DC349000F6F62 /* SourceFilesTableView.m in Sources */,
				D3F0F4E61A4DC165000F6F62 /* main.m in Sources */,
				D3F0F5691A4F35DE000F6F62 /* PreferencesWindowController.m in Sources */,
				D3F0F5281A4DC491000F6F62 /* TDHintButton.m in Sources */,
				D3F0F54B1A4DC6AE000F6F62 /* MISField.m in Sources */,
				D3F0F4E41A4DC165000F6F62 /* AppDelegate.m in Sources */,
				D3F0F5101A4DC362000F6F62 /* FilePreviewItem.m in Sources */,
				D3F0F5451A4DC68E000F6F62 /* ObjCAssembler.m in Sources */,
				D3F0F5461A4DC68E000F6F62 /* ObjCParser.m in Sources */,
				D3F0F5241A4DC3EB000F6F62 /* TDDropTargetView.m in Sources */,
			);
			runOnlyForDeploymentPostprocessing = 0;
		};
		D3F0F4F21A4DC165000F6F62 /* Sources */ = {
			isa = PBXSourcesBuildPhase;
			buildActionMask = 2147483647;
			files = (
				D30DDD9E1A4F90C300448BB9 /* Team.m in Sources */,
				D30DDDA01A4F90C300448BB9 /* TeamRepository.m in Sources */,
				D30DDD9B1A4F90C300448BB9 /* Player.m in Sources */,
				D3F0F4FD1A4DC165000F6F62 /* MISGeneratorTests.m in Sources */,
				D366C1F01A544D4900D69669 /* MISBaseTest.m in Sources */,
				D30DDD9D1A4F90C300448BB9 /* PlayerRepository.m in Sources */,
				D30DDD9C1A4F90C300448BB9 /* PlayerMapper.m in Sources */,
				D30DDD9F1A4F90C300448BB9 /* TeamMapper.m in Sources */,
			);
			runOnlyForDeploymentPostprocessing = 0;
		};
		D3F4B0281A4C6ADE001ACB0E /* Sources */ = {
			isa = PBXSourcesBuildPhase;
			buildActionMask = 2147483647;
			files = (
				D3F0F4A61A4CF699000F6F62 /* MISQueryParser.m in Sources */,
				D3E3D6971A4C6EF1004103BD /* MISQuery.m in Sources */,
				D3F0F4A01A4CF045000F6F62 /* Repository.m in Sources */,
				D3F0F55D1A4F2FF8000F6F62 /* FMDatabase.m in Sources */,
				D366C1E41A5389CE00D69669 /* MISKeyGenerator.m in Sources */,
				D3F0F55E1A4F2FF8000F6F62 /* FMResultSet.m in Sources */,
				D3F0F4C81A4CF794000F6F62 /* MISQueryAssembler.m in Sources */,
				D3E3D6921A4C6CC9004103BD /* DomainObject.m in Sources */,
				D3E3D68E1A4C6CA4004103BD /* MISMapper.m in Sources */,
				D3E3D68A1A4C6C88004103BD /* MISUnitOfWork.m in Sources */,
				D3E3D69B1A4C6EFE004103BD /* MISCriteria.m in Sources */,
			);
			runOnlyForDeploymentPostprocessing = 0;
		};
		D3F4B0341A4C6ADE001ACB0E /* Sources */ = {
			isa = PBXSourcesBuildPhase;
			buildActionMask = 2147483647;
			files = (
				D3F4B0401A4C6ADE001ACB0E /* MISTestCase.m in Sources */,
				D3F0F49C1A4CEFE1000F6F62 /* QueryParesrTestCase.m in Sources */,
				D366C1F21A544D8300D69669 /* MISBaseTest.m in Sources */,
			);
			runOnlyForDeploymentPostprocessing = 0;
		};
/* End PBXSourcesBuildPhase section */

/* Begin PBXTargetDependency section */
		D3F0F4C21A4CF74C000F6F62 /* PBXTargetDependency */ = {
			isa = PBXTargetDependency;
			name = PEGKit;
			targetProxy = D3F0F4C11A4CF74C000F6F62 /* PBXContainerItemProxy */;
		};
		D3F0F4F81A4DC165000F6F62 /* PBXTargetDependency */ = {
			isa = PBXTargetDependency;
			target = D3F0F4DD1A4DC165000F6F62 /* MISGenerator */;
			targetProxy = D3F0F4F71A4DC165000F6F62 /* PBXContainerItemProxy */;
		};
		D3F0F5341A4DC5EE000F6F62 /* PBXTargetDependency */ = {
			isa = PBXTargetDependency;
			name = TDTemplateEngine;
			targetProxy = D3F0F5331A4DC5EE000F6F62 /* PBXContainerItemProxy */;
		};
		D3F0F5361A4DC5EE000F6F62 /* PBXTargetDependency */ = {
			isa = PBXTargetDependency;
			name = PEGKit;
			targetProxy = D3F0F5351A4DC5EE000F6F62 /* PBXContainerItemProxy */;
		};
		D3F0F5751A4F5734000F6F62 /* PBXTargetDependency */ = {
			isa = PBXTargetDependency;
			target = D3F4B02C1A4C6ADE001ACB0E /* MakeItSo */;
			targetProxy = D3F0F5741A4F5734000F6F62 /* PBXContainerItemProxy */;
		};
		D3F0F5771A4F5734000F6F62 /* PBXTargetDependency */ = {
			isa = PBXTargetDependency;
			name = PEGKit;
			targetProxy = D3F0F5761A4F5734000F6F62 /* PBXContainerItemProxy */;
		};
		D3F4B03B1A4C6ADE001ACB0E /* PBXTargetDependency */ = {
			isa = PBXTargetDependency;
			target = D3F4B02C1A4C6ADE001ACB0E /* MakeItSo */;
			targetProxy = D3F4B03A1A4C6ADE001ACB0E /* PBXContainerItemProxy */;
		};
/* End PBXTargetDependency section */

/* Begin PBXVariantGroup section */
		D3F0F4EA1A4DC165000F6F62 /* Document.xib */ = {
			isa = PBXVariantGroup;
			children = (
				D3F0F4EB1A4DC165000F6F62 /* Base */,
			);
			name = Document.xib;
			sourceTree = "<group>";
		};
		D3F0F4EF1A4DC165000F6F62 /* MainMenu.xib */ = {
			isa = PBXVariantGroup;
			children = (
				D3F0F4F01A4DC165000F6F62 /* Base */,
			);
			name = MainMenu.xib;
			sourceTree = "<group>";
		};
/* End PBXVariantGroup section */

/* Begin XCBuildConfiguration section */
		D3F0F4FF1A4DC165000F6F62 /* Debug */ = {
			isa = XCBuildConfiguration;
			buildSettings = {
				ASSETCATALOG_COMPILER_APPICON_NAME = AppIcon;
				CODE_SIGN_IDENTITY = "-";
				COMBINE_HIDPI_IMAGES = YES;
				GCC_PREFIX_HEADER = "MISGenerator/MISGenerator-Prefix.pch";
				GCC_PREPROCESSOR_DEFINITIONS = (
					"DEBUG=1",
					"$(inherited)",
				);
				INFOPLIST_FILE = "MISGenerator/MISGenerator-Info.plist";
				LD_RUNPATH_SEARCH_PATHS = "$(inherited) @executable_path/../Frameworks";
				MACOSX_DEPLOYMENT_TARGET = 10.9;
				PRODUCT_NAME = "$(TARGET_NAME)";
				SDKROOT = macosx;
			};
			name = Debug;
		};
		D3F0F5001A4DC165000F6F62 /* Release */ = {
			isa = XCBuildConfiguration;
			buildSettings = {
				ASSETCATALOG_COMPILER_APPICON_NAME = AppIcon;
				CODE_SIGN_IDENTITY = "-";
				COMBINE_HIDPI_IMAGES = YES;
				GCC_PREFIX_HEADER = "MISGenerator/MISGenerator-Prefix.pch";
				INFOPLIST_FILE = "MISGenerator/MISGenerator-Info.plist";
				LD_RUNPATH_SEARCH_PATHS = "$(inherited) @executable_path/../Frameworks";
				MACOSX_DEPLOYMENT_TARGET = 10.9;
				PRODUCT_NAME = "$(TARGET_NAME)";
				SDKROOT = macosx;
			};
			name = Release;
		};
		D3F0F5021A4DC165000F6F62 /* Debug */ = {
			isa = XCBuildConfiguration;
			buildSettings = {
				BUNDLE_LOADER = "$(TEST_HOST)";
				COMBINE_HIDPI_IMAGES = YES;
				FRAMEWORK_SEARCH_PATHS = (
					"$(DEVELOPER_FRAMEWORKS_DIR)",
					"$(inherited)",
					"$(PROJECT_DIR)/lib/OCMock/OSX",
				);
				GCC_PREFIX_HEADER = "MISGenerator/MISGenerator-Prefix.pch";
				GCC_PREPROCESSOR_DEFINITIONS = (
					"DEBUG=1",
					"$(inherited)",
				);
				GCC_WARN_UNDECLARED_SELECTOR = YES;
				HEADER_SEARCH_PATHS = (
					"$(PROJECT_DIR)/MakeItSoTests",
					"$(PROJECT_DIR)",
					"$(inherited)",
					"/Volumes/Macintosh\\ HD/Applications/Xcode.app/Contents/Developer/Toolchains/XcodeDefault.xctoolchain/usr/include",
					lib/FMDB/src,
					lib,
				);
				INFOPLIST_FILE = MISGeneratorTests/Info.plist;
				LD_RUNPATH_SEARCH_PATHS = "$(inherited) @executable_path/../Frameworks @loader_path/../Frameworks";
				MACOSX_DEPLOYMENT_TARGET = 10.9;
				PRODUCT_NAME = "$(TARGET_NAME)";
				SDKROOT = macosx;
				TEST_HOST = "$(BUILT_PRODUCTS_DIR)/MISGenerator.app/Contents/MacOS/MISGenerator";
			};
			name = Debug;
		};
		D3F0F5031A4DC165000F6F62 /* Release */ = {
			isa = XCBuildConfiguration;
			buildSettings = {
				BUNDLE_LOADER = "$(TEST_HOST)";
				COMBINE_HIDPI_IMAGES = YES;
				FRAMEWORK_SEARCH_PATHS = (
					"$(DEVELOPER_FRAMEWORKS_DIR)",
					"$(inherited)",
					"$(PROJECT_DIR)/lib/OCMock/OSX",
				);
				GCC_PREFIX_HEADER = "MISGenerator/MISGenerator-Prefix.pch";
				GCC_WARN_UNDECLARED_SELECTOR = YES;
				HEADER_SEARCH_PATHS = (
					"$(PROJECT_DIR)/MakeItSoTests",
					"$(PROJECT_DIR)",
					"$(inherited)",
					"/Volumes/Macintosh\\ HD/Applications/Xcode.app/Contents/Developer/Toolchains/XcodeDefault.xctoolchain/usr/include",
					lib/FMDB/src,
					lib,
				);
				INFOPLIST_FILE = MISGeneratorTests/Info.plist;
				LD_RUNPATH_SEARCH_PATHS = "$(inherited) @executable_path/../Frameworks @loader_path/../Frameworks";
				MACOSX_DEPLOYMENT_TARGET = 10.9;
				PRODUCT_NAME = "$(TARGET_NAME)";
				SDKROOT = macosx;
				TEST_HOST = "$(BUILT_PRODUCTS_DIR)/MISGenerator.app/Contents/MacOS/MISGenerator";
			};
			name = Release;
		};
		D3F4B0411A4C6ADE001ACB0E /* Debug */ = {
			isa = XCBuildConfiguration;
			buildSettings = {
				ALWAYS_SEARCH_USER_PATHS = NO;
				CLANG_CXX_LANGUAGE_STANDARD = "gnu++0x";
				CLANG_CXX_LIBRARY = "libc++";
				CLANG_ENABLE_MODULES = YES;
				CLANG_WARN_BOOL_CONVERSION = YES;
				CLANG_WARN_CONSTANT_CONVERSION = YES;
				CLANG_WARN_DIRECT_OBJC_ISA_USAGE = YES_ERROR;
				CLANG_WARN_EMPTY_BODY = YES;
				CLANG_WARN_ENUM_CONVERSION = YES;
				CLANG_WARN_INT_CONVERSION = YES;
				CLANG_WARN_OBJC_ROOT_CLASS = YES_ERROR;
				CLANG_WARN_UNREACHABLE_CODE = YES;
				CLANG_WARN__DUPLICATE_METHOD_MATCH = YES;
				COPY_PHASE_STRIP = NO;
				CURRENT_PROJECT_VERSION = 1;
				ENABLE_STRICT_OBJC_MSGSEND = YES;
				GCC_C_LANGUAGE_STANDARD = gnu99;
				GCC_DYNAMIC_NO_PIC = NO;
				GCC_OPTIMIZATION_LEVEL = 0;
				GCC_PREPROCESSOR_DEFINITIONS = (
					"DEBUG=1",
					"$(inherited)",
				);
				GCC_SYMBOLS_PRIVATE_EXTERN = NO;
				GCC_WARN_64_TO_32_BIT_CONVERSION = YES;
				GCC_WARN_ABOUT_RETURN_TYPE = YES_ERROR;
				GCC_WARN_UNINITIALIZED_AUTOS = YES_AGGRESSIVE;
				GCC_WARN_UNUSED_FUNCTION = YES;
				GCC_WARN_UNUSED_VARIABLE = YES;
				HEADER_SEARCH_PATHS = (
					"$(inherited)",
					"/Volumes/Macintosh\\ HD/Applications/Xcode.app/Contents/Developer/Toolchains/XcodeDefault.xctoolchain/usr/include",
					lib/FMDB/src,
					lib,
				);
				MACOSX_DEPLOYMENT_TARGET = 10.8;
				MTL_ENABLE_DEBUG_INFO = YES;
				ONLY_ACTIVE_ARCH = YES;
				VERSIONING_SYSTEM = "apple-generic";
				VERSION_INFO_PREFIX = "";
			};
			name = Debug;
		};
		D3F4B0421A4C6ADE001ACB0E /* Release */ = {
			isa = XCBuildConfiguration;
			buildSettings = {
				ALWAYS_SEARCH_USER_PATHS = NO;
				CLANG_CXX_LANGUAGE_STANDARD = "gnu++0x";
				CLANG_CXX_LIBRARY = "libc++";
				CLANG_ENABLE_MODULES = YES;
				CLANG_WARN_BOOL_CONVERSION = YES;
				CLANG_WARN_CONSTANT_CONVERSION = YES;
				CLANG_WARN_DIRECT_OBJC_ISA_USAGE = YES_ERROR;
				CLANG_WARN_EMPTY_BODY = YES;
				CLANG_WARN_ENUM_CONVERSION = YES;
				CLANG_WARN_INT_CONVERSION = YES;
				CLANG_WARN_OBJC_ROOT_CLASS = YES_ERROR;
				CLANG_WARN_UNREACHABLE_CODE = YES;
				CLANG_WARN__DUPLICATE_METHOD_MATCH = YES;
				COPY_PHASE_STRIP = YES;
				CURRENT_PROJECT_VERSION = 1;
				DEBUG_INFORMATION_FORMAT = "dwarf-with-dsym";
				ENABLE_NS_ASSERTIONS = NO;
				ENABLE_STRICT_OBJC_MSGSEND = YES;
				GCC_C_LANGUAGE_STANDARD = gnu99;
				GCC_WARN_64_TO_32_BIT_CONVERSION = YES;
				GCC_WARN_ABOUT_RETURN_TYPE = YES_ERROR;
				GCC_WARN_UNINITIALIZED_AUTOS = YES_AGGRESSIVE;
				GCC_WARN_UNUSED_FUNCTION = YES;
				GCC_WARN_UNUSED_VARIABLE = YES;
				HEADER_SEARCH_PATHS = (
					"$(inherited)",
					"/Volumes/Macintosh\\ HD/Applications/Xcode.app/Contents/Developer/Toolchains/XcodeDefault.xctoolchain/usr/include",
					lib/FMDB/src,
					lib,
				);
				MACOSX_DEPLOYMENT_TARGET = 10.8;
				MTL_ENABLE_DEBUG_INFO = NO;
				VERSIONING_SYSTEM = "apple-generic";
				VERSION_INFO_PREFIX = "";
			};
			name = Release;
		};
		D3F4B0441A4C6ADE001ACB0E /* Debug */ = {
			isa = XCBuildConfiguration;
			buildSettings = {
				COMBINE_HIDPI_IMAGES = YES;
				DEFINES_MODULE = YES;
				DYLIB_COMPATIBILITY_VERSION = 1;
				DYLIB_CURRENT_VERSION = 1;
				DYLIB_INSTALL_NAME_BASE = "@rpath";
				FRAMEWORK_SEARCH_PATHS = (
					"$(inherited)",
					"$(PROJECT_DIR)/lib/OCMock/OSX",
				);
				FRAMEWORK_VERSION = A;
				GCC_PREFIX_HEADER = "MakeItSo/MakeItSo-Prefix.pch";
				INFOPLIST_FILE = "MakeItSo/MakeItSo-Info.plist";
				INSTALL_PATH = "$(LOCAL_LIBRARY_DIR)/Frameworks";
				LD_RUNPATH_SEARCH_PATHS = "$(inherited) @executable_path/../Frameworks @loader_path/Frameworks";
				PRODUCT_NAME = "$(TARGET_NAME)";
				SKIP_INSTALL = YES;
			};
			name = Debug;
		};
		D3F4B0451A4C6ADE001ACB0E /* Release */ = {
			isa = XCBuildConfiguration;
			buildSettings = {
				COMBINE_HIDPI_IMAGES = YES;
				DEFINES_MODULE = YES;
				DYLIB_COMPATIBILITY_VERSION = 1;
				DYLIB_CURRENT_VERSION = 1;
				DYLIB_INSTALL_NAME_BASE = "@rpath";
				FRAMEWORK_SEARCH_PATHS = (
					"$(inherited)",
					"$(PROJECT_DIR)/lib/OCMock/OSX",
				);
				FRAMEWORK_VERSION = A;
				GCC_PREFIX_HEADER = "MakeItSo/MakeItSo-Prefix.pch";
				INFOPLIST_FILE = "MakeItSo/MakeItSo-Info.plist";
				INSTALL_PATH = "$(LOCAL_LIBRARY_DIR)/Frameworks";
				LD_RUNPATH_SEARCH_PATHS = "$(inherited) @executable_path/../Frameworks @loader_path/Frameworks";
				PRODUCT_NAME = "$(TARGET_NAME)";
				SKIP_INSTALL = YES;
			};
			name = Release;
		};
		D3F4B0471A4C6ADE001ACB0E /* Debug */ = {
			isa = XCBuildConfiguration;
			buildSettings = {
				COMBINE_HIDPI_IMAGES = YES;
				FRAMEWORK_SEARCH_PATHS = (
					"$(DEVELOPER_FRAMEWORKS_DIR)",
					"$(inherited)",
					"$(PROJECT_DIR)/lib/OCMock/OSX",
				);
				GCC_PREPROCESSOR_DEFINITIONS = (
					"DEBUG=1",
					"$(inherited)",
				);
				INFOPLIST_FILE = "MakeItSoTests/MakeItSoTests-Info.plist";
				LD_RUNPATH_SEARCH_PATHS = "$(inherited) @executable_path/../Frameworks @loader_path/../Frameworks";
				PRODUCT_NAME = "$(TARGET_NAME)";
			};
			name = Debug;
		};
		D3F4B0481A4C6ADE001ACB0E /* Release */ = {
			isa = XCBuildConfiguration;
			buildSettings = {
				COMBINE_HIDPI_IMAGES = YES;
				FRAMEWORK_SEARCH_PATHS = (
					"$(DEVELOPER_FRAMEWORKS_DIR)",
					"$(inherited)",
					"$(PROJECT_DIR)/lib/OCMock/OSX",
				);
				INFOPLIST_FILE = "MakeItSoTests/MakeItSoTests-Info.plist";
				LD_RUNPATH_SEARCH_PATHS = "$(inherited) @executable_path/../Frameworks @loader_path/../Frameworks";
				PRODUCT_NAME = "$(TARGET_NAME)";
			};
			name = Release;
		};
/* End XCBuildConfiguration section */

/* Begin XCConfigurationList section */
		D3F0F4FE1A4DC165000F6F62 /* Build configuration list for PBXNativeTarget "MISGenerator" */ = {
			isa = XCConfigurationList;
			buildConfigurations = (
				D3F0F4FF1A4DC165000F6F62 /* Debug */,
				D3F0F5001A4DC165000F6F62 /* Release */,
			);
			defaultConfigurationIsVisible = 0;
			defaultConfigurationName = Release;
		};
		D3F0F5011A4DC165000F6F62 /* Build configuration list for PBXNativeTarget "MISGeneratorTests" */ = {
			isa = XCConfigurationList;
			buildConfigurations = (
				D3F0F5021A4DC165000F6F62 /* Debug */,
				D3F0F5031A4DC165000F6F62 /* Release */,
			);
			defaultConfigurationIsVisible = 0;
			defaultConfigurationName = Release;
		};
		D3F4B0271A4C6ADD001ACB0E /* Build configuration list for PBXProject "MakeItSo" */ = {
			isa = XCConfigurationList;
			buildConfigurations = (
				D3F4B0411A4C6ADE001ACB0E /* Debug */,
				D3F4B0421A4C6ADE001ACB0E /* Release */,
			);
			defaultConfigurationIsVisible = 0;
			defaultConfigurationName = Release;
		};
		D3F4B0431A4C6ADE001ACB0E /* Build configuration list for PBXNativeTarget "MakeItSo" */ = {
			isa = XCConfigurationList;
			buildConfigurations = (
				D3F4B0441A4C6ADE001ACB0E /* Debug */,
				D3F4B0451A4C6ADE001ACB0E /* Release */,
			);
			defaultConfigurationIsVisible = 0;
			defaultConfigurationName = Release;
		};
		D3F4B0461A4C6ADE001ACB0E /* Build configuration list for PBXNativeTarget "MakeItSoTests" */ = {
			isa = XCConfigurationList;
			buildConfigurations = (
				D3F4B0471A4C6ADE001ACB0E /* Debug */,
				D3F4B0481A4C6ADE001ACB0E /* Release */,
			);
			defaultConfigurationIsVisible = 0;
			defaultConfigurationName = Release;
		};
/* End XCConfigurationList section */
	};
	rootObject = D3F4B0241A4C6ADD001ACB0E /* Project object */;
}
